
Microsoft Visual Studio Solution File, Format Version 12.00
# Visual Studio Version 17
VisualStudioVersion = 17.13.35919.96 d17.13
MinimumVisualStudioVersion = 10.0.40219.1
Project("{FAE04EC0-301F-11D3-BF4B-00C04F79EFBC}") = "GymMasterAppDemo", "GymMasterAppDemo\GymMasterAppDemo.csproj", "{CC7A84D4-2BAA-48A3-ABAC-16B9F85335F1}"
EndProject
Global
	GlobalSection(SolutionConfigurationPlatforms) = preSolution
		Debug|Any CPU = Debug|Any CPU
		Release|Any CPU = Release|Any CPU
	EndGlobalSection
	GlobalSection(ProjectConfigurationPlatforms) = postSolution
		{CC7A84D4-2BAA-48A3-ABAC-16B9F85335F1}.Debug|Any CPU.ActiveCfg = Debug|Any CPU
		{CC7A84D4-2BAA-48A3-ABAC-16B9F85335F1}.Debug|Any CPU.Build.0 = Debug|Any CPU
		{CC7A84D4-2BAA-48A3-ABAC-16B9F85335F1}.Release|Any CPU.ActiveCfg = Release|Any CPU
		{CC7A84D4-2BAA-48A3-ABAC-16B9F85335F1}.Release|Any CPU.Build.0 = Release|Any CPU
	EndGlobalSection
	GlobalSection(SolutionProperties) = preSolution
		HideSolutionNode = FALSE
	EndGlobalSection
	GlobalSection(ExtensibilityGlobals) = postSolution
		SolutionGuid = {3DBCCE26-C1D0-4F7D-A454-C1832DBEC641}
	EndGlobalSection
EndGlobal
